
Microsoft Visual Studio Solution File, Format Version 10.00
# Visual Studio 2008
Project("{F184B08F-C81C-45F6-A57F-5ABD9991F28F}") = "Animations One", "Animations One\Animations One.vbproj", "{89D8816E-4F8D-4E9B-A82A-CE1C86804827}"
EndProject
Global
	GlobalSection(SolutionConfigurationPlatforms) = preSolution
		Debug|Any CPU = Debug|Any CPU
		Release|Any CPU = Release|Any CPU
	EndGlobalSection
	GlobalSection(ProjectConfigurationPlatforms) = postSolution
		{89D8816E-4F8D-4E9B-A82A-CE1C86804827}.Debug|Any CPU.ActiveCfg = Debug|Any CPU
		{89D8816E-4F8D-4E9B-A82A-CE1C86804827}.Debug|Any CPU.Build.0 = Debug|Any CPU
		{89D8816E-4F8D-4E9B-A82A-CE1C86804827}.Release|Any CPU.ActiveCfg = Release|Any CPU
		{89D8816E-4F8D-4E9B-A82A-CE1C86804827}.Release|Any CPU.Build.0 = Release|Any CPU
	EndGlobalSection
	GlobalSection(SolutionProperties) = preSolution
		HideSolutionNode = FALSE
	EndGlobalSection
EndGlobal
